
Microsoft Visual Studio Solution File, Format Version 12.00
# Visual Studio Version 16
VisualStudioVersion = 16.0.31702.278
MinimumVisualStudioVersion = 10.0.40219.1
Project("{FAE04EC0-301F-11D3-BF4B-00C04F79EFBC}") = "SampleMVCApplication", "SampleMVCApplication.csproj", "{3F0D2FE8-686F-4B2E-904E-F7FF0741292F}"
EndProject
Global
	GlobalSection(SolutionConfigurationPlatforms) = preSolution
		Debug|Any CPU = Debug|Any CPU
		Release|Any CPU = Release|Any CPU
	EndGlobalSection
	GlobalSection(ProjectConfigurationPlatforms) = postSolution
		{3F0D2FE8-686F-4B2E-904E-F7FF0741292F}.Debug|Any CPU.ActiveCfg = Debug|Any CPU
		{3F0D2FE8-686F-4B2E-904E-F7FF0741292F}.Debug|Any CPU.Build.0 = Debug|Any CPU
		{3F0D2FE8-686F-4B2E-904E-F7FF0741292F}.Release|Any CPU.ActiveCfg = Release|Any CPU
		{3F0D2FE8-686F-4B2E-904E-F7FF0741292F}.Release|Any CPU.Build.0 = Release|Any CPU
	EndGlobalSection
	GlobalSection(SolutionProperties) = preSolution
		HideSolutionNode = FALSE
	EndGlobalSection
	GlobalSection(ExtensibilityGlobals) = postSolution
		SolutionGuid = {DDBB3257-8C17-429F-834A-D2C45B8E1904}
	EndGlobalSection
EndGlobal
